{
  "version": 4,
  "terraform_version": "1.5.7",
  "serial": 14,
  "lineage": "103f4aee-e9b3-73bc-2b4b-74a067d2bbed",
  "outputs": {
    "cloudwatch_log_group": {
      "value": "/ecs/stock-predict",
      "type": "string"
    },
    "ecr_repository_url": {
      "value": "849441246713.dkr.ecr.ap-northeast-2.amazonaws.com/stock-predict-app",
      "type": "string"
    },
    "ecs_cluster_name": {
      "value": "stock-predict-cluster",
      "type": "string"
    },
    "ecs_service_name": {
      "value": "stock-predict-service",
      "type": "string"
    },
    "load_balancer_dns": {
      "value": "stock-predict-alb-732025573.ap-northeast-2.elb.amazonaws.com",
      "type": "string"
    }
  },
  "resources": [
    {
      "mode": "managed",
      "type": "aws_cloudwatch_log_group",
      "name": "app",
      "provider": "provider[\"registry.terraform.io/hashicorp/aws\"]",
      "instances": [
        {
          "schema_version": 0,
          "attributes": {
            "arn": "arn:aws:logs:ap-northeast-2:849441246713:log-group:/ecs/stock-predict",
            "id": "/ecs/stock-predict",
            "kms_key_id": "",
            "log_group_class": "STANDARD",
            "name": "/ecs/stock-predict",
            "name_prefix": "",
            "retention_in_days": 7,
            "skip_destroy": false,
            "tags": {
              "Environment": "prod",
              "ManagedBy": "terraform",
              "Project": "stock-predict"
            },
            "tags_all": {
              "Environment": "prod",
              "ManagedBy": "terraform",
              "Project": "stock-predict"
            }
          },
          "sensitive_attributes": [],
          "private": "bnVsbA=="
        }
      ]
    },
    {
      "mode": "managed",
      "type": "aws_ecr_lifecycle_policy",
      "name": "app",
      "provider": "provider[\"registry.terraform.io/hashicorp/aws\"]",
      "instances": [
        {
          "schema_version": 0,
          "attributes": {
            "id": "stock-predict-app",
            "policy": "{\"rules\":[{\"action\":{\"type\":\"expire\"},\"description\":\"Keep last 5 images\",\"rulePriority\":1,\"selection\":{\"countNumber\":5,\"countType\":\"imageCountMoreThan\",\"tagPrefixList\":[\"v\"],\"tagStatus\":\"tagged\"}}]}",
            "registry_id": "849441246713",
            "repository": "stock-predict-app"
          },
          "sensitive_attributes": [],
          "private": "bnVsbA==",
          "dependencies": [
            "aws_ecr_repository.app"
          ]
        }
      ]
    },
    {
      "mode": "managed",
      "type": "aws_ecr_repository",
      "name": "app",
      "provider": "provider[\"registry.terraform.io/hashicorp/aws\"]",
      "instances": [
        {
          "schema_version": 0,
          "attributes": {
            "arn": "arn:aws:ecr:ap-northeast-2:849441246713:repository/stock-predict-app",
            "encryption_configuration": [
              {
                "encryption_type": "AES256",
                "kms_key": ""
              }
            ],
            "force_delete": null,
            "id": "stock-predict-app",
            "image_scanning_configuration": [
              {
                "scan_on_push": true
              }
            ],
            "image_tag_mutability": "MUTABLE",
            "name": "stock-predict-app",
            "registry_id": "849441246713",
            "repository_url": "849441246713.dkr.ecr.ap-northeast-2.amazonaws.com/stock-predict-app",
            "tags": {
              "Environment": "prod",
              "ManagedBy": "terraform",
              "Project": "stock-predict"
            },
            "tags_all": {
              "Environment": "prod",
              "ManagedBy": "terraform",
              "Project": "stock-predict"
            },
            "timeouts": null
          },
          "sensitive_attributes": [],
          "private": "eyJlMmJmYjczMC1lY2FhLTExZTYtOGY4OC0zNDM2M2JjN2M0YzAiOnsiZGVsZXRlIjoxMjAwMDAwMDAwMDAwfX0="
        }
      ]
    },
    {
      "mode": "managed",
      "type": "aws_ecs_cluster",
      "name": "main",
      "provider": "provider[\"registry.terraform.io/hashicorp/aws\"]",
      "instances": [
        {
          "schema_version": 0,
          "attributes": {
            "arn": "arn:aws:ecs:ap-northeast-2:849441246713:cluster/stock-predict-cluster",
            "configuration": [],
            "id": "arn:aws:ecs:ap-northeast-2:849441246713:cluster/stock-predict-cluster",
            "name": "stock-predict-cluster",
            "service_connect_defaults": [],
            "setting": [
              {
                "name": "containerInsights",
                "value": "disabled"
              }
            ],
            "tags": {
              "Environment": "prod",
              "ManagedBy": "terraform",
              "Project": "stock-predict"
            },
            "tags_all": {
              "Environment": "prod",
              "ManagedBy": "terraform",
              "Project": "stock-predict"
            }
          },
          "sensitive_attributes": [],
          "private": "bnVsbA=="
        }
      ]
    },
    {
      "mode": "managed",
      "type": "aws_ecs_cluster_capacity_providers",
      "name": "main",
      "provider": "provider[\"registry.terraform.io/hashicorp/aws\"]",
      "instances": [
        {
          "schema_version": 0,
          "attributes": {
            "capacity_providers": [
              "FARGATE_SPOT"
            ],
            "cluster_name": "stock-predict-cluster",
            "default_capacity_provider_strategy": [
              {
                "base": 0,
                "capacity_provider": "FARGATE_SPOT",
                "weight": 100
              }
            ],
            "id": "stock-predict-cluster"
          },
          "sensitive_attributes": [],
          "private": "bnVsbA==",
          "dependencies": [
            "aws_ecs_cluster.main"
          ]
        }
      ]
    },
    {
      "mode": "managed",
      "type": "aws_ecs_service",
      "name": "app",
      "provider": "provider[\"registry.terraform.io/hashicorp/aws\"]",
      "instances": [
        {
          "schema_version": 1,
          "attributes": {
            "alarms": [],
            "availability_zone_rebalancing": "DISABLED",
            "capacity_provider_strategy": [
              {
                "base": 0,
                "capacity_provider": "FARGATE_SPOT",
                "weight": 100
              }
            ],
            "cluster": "arn:aws:ecs:ap-northeast-2:849441246713:cluster/stock-predict-cluster",
            "deployment_circuit_breaker": [
              {
                "enable": false,
                "rollback": false
              }
            ],
            "deployment_controller": [
              {
                "type": "ECS"
              }
            ],
            "deployment_maximum_percent": 200,
            "deployment_minimum_healthy_percent": 100,
            "desired_count": 1,
            "enable_ecs_managed_tags": false,
            "enable_execute_command": false,
            "force_delete": null,
            "force_new_deployment": null,
            "health_check_grace_period_seconds": 0,
            "iam_role": "/aws-service-role/ecs.amazonaws.com/AWSServiceRoleForECS",
            "id": "arn:aws:ecs:ap-northeast-2:849441246713:service/stock-predict-cluster/stock-predict-service",
            "launch_type": "",
            "load_balancer": [
              {
                "container_name": "stock-predict-container",
                "container_port": 3000,
                "elb_name": "",
                "target_group_arn": "arn:aws:elasticloadbalancing:ap-northeast-2:849441246713:targetgroup/stock-predict-tg/e25fbd05341b7c2c"
              }
            ],
            "name": "stock-predict-service",
            "network_configuration": [
              {
                "assign_public_ip": true,
                "security_groups": [
                  "sg-0f45e0b0868c2ea7c"
                ],
                "subnets": [
                  "subnet-02314d35d476ded10",
                  "subnet-0cd24b3e29f28ed01"
                ]
              }
            ],
            "ordered_placement_strategy": [],
            "placement_constraints": [],
            "platform_version": "LATEST",
            "propagate_tags": "NONE",
            "scheduling_strategy": "REPLICA",
            "service_connect_configuration": [],
            "service_registries": [],
            "tags": {
              "Environment": "prod",
              "ManagedBy": "terraform",
              "Project": "stock-predict"
            },
            "tags_all": {
              "Environment": "prod",
              "ManagedBy": "terraform",
              "Project": "stock-predict"
            },
            "task_definition": "arn:aws:ecs:ap-northeast-2:849441246713:task-definition/stock-predict-task:1",
            "timeouts": null,
            "triggers": {},
            "volume_configuration": [],
            "vpc_lattice_configurations": [],
            "wait_for_steady_state": false
          },
          "sensitive_attributes": [],
          "private": "eyJlMmJmYjczMC1lY2FhLTExZTYtOGY4OC0zNDM2M2JjN2M0YzAiOnsiY3JlYXRlIjoxMjAwMDAwMDAwMDAwLCJkZWxldGUiOjEyMDAwMDAwMDAwMDAsInVwZGF0ZSI6MTIwMDAwMDAwMDAwMH0sInNjaGVtYV92ZXJzaW9uIjoiMSJ9",
          "dependencies": [
            "aws_cloudwatch_log_group.app",
            "aws_ecr_repository.app",
            "aws_ecs_cluster.main",
            "aws_ecs_task_definition.app",
            "aws_iam_role.ecs_execution_role",
            "aws_lb.app",
            "aws_lb_listener.app",
            "aws_lb_target_group.app"
          ]
        }
      ]
    },
    {
      "mode": "managed",
      "type": "aws_ecs_task_definition",
      "name": "app",
      "provider": "provider[\"registry.terraform.io/hashicorp/aws\"]",
      "instances": [
        {
          "schema_version": 1,
          "attributes": {
            "arn": "arn:aws:ecs:ap-northeast-2:849441246713:task-definition/stock-predict-task:1",
            "arn_without_revision": "arn:aws:ecs:ap-northeast-2:849441246713:task-definition/stock-predict-task",
            "container_definitions": "[{\"environment\":[{\"name\":\"HOSTNAME\",\"value\":\"0.0.0.0\"},{\"name\":\"NODE_ENV\",\"value\":\"production\"},{\"name\":\"PORT\",\"value\":\"3000\"}],\"essential\":true,\"healthCheck\":{\"command\":[\"CMD-SHELL\",\"curl -f http://localhost:3000/api/health || exit 1\"],\"interval\":30,\"retries\":3,\"startPeriod\":60,\"timeout\":5},\"image\":\"849441246713.dkr.ecr.ap-northeast-2.amazonaws.com/stock-predict-app:latest\",\"logConfiguration\":{\"logDriver\":\"awslogs\",\"options\":{\"awslogs-region\":\"ap-northeast-2\",\"awslogs-stream-prefix\":\"ecs\",\"awslogs-group\":\"/ecs/stock-predict\"}},\"mountPoints\":[],\"name\":\"stock-predict-container\",\"portMappings\":[{\"containerPort\":3000,\"hostPort\":3000,\"protocol\":\"tcp\"}],\"systemControls\":[],\"volumesFrom\":[]}]",
            "cpu": "256",
            "enable_fault_injection": false,
            "ephemeral_storage": [],
            "execution_role_arn": "arn:aws:iam::849441246713:role/stock-predict-ecs-execution-role",
            "family": "stock-predict-task",
            "id": "stock-predict-task",
            "inference_accelerator": [],
            "ipc_mode": "",
            "memory": "512",
            "network_mode": "awsvpc",
            "pid_mode": "",
            "placement_constraints": [],
            "proxy_configuration": [],
            "requires_compatibilities": [
              "FARGATE"
            ],
            "revision": 1,
            "runtime_platform": [],
            "skip_destroy": false,
            "tags": {
              "Environment": "prod",
              "ManagedBy": "terraform",
              "Project": "stock-predict"
            },
            "tags_all": {
              "Environment": "prod",
              "ManagedBy": "terraform",
              "Project": "stock-predict"
            },
            "task_role_arn": "",
            "track_latest": false,
            "volume": []
          },
          "sensitive_attributes": [],
          "private": "eyJzY2hlbWFfdmVyc2lvbiI6IjEifQ==",
          "dependencies": [
            "aws_cloudwatch_log_group.app",
            "aws_ecr_repository.app",
            "aws_iam_role.ecs_execution_role"
          ]
        }
      ]
    },
    {
      "mode": "managed",
      "type": "aws_iam_role",
      "name": "ecs_execution_role",
      "provider": "provider[\"registry.terraform.io/hashicorp/aws\"]",
      "instances": [
        {
          "schema_version": 0,
          "attributes": {
            "arn": "arn:aws:iam::849441246713:role/stock-predict-ecs-execution-role",
            "assume_role_policy": "{\"Statement\":[{\"Action\":\"sts:AssumeRole\",\"Effect\":\"Allow\",\"Principal\":{\"Service\":\"ecs-tasks.amazonaws.com\"}}],\"Version\":\"2012-10-17\"}",
            "create_date": "2025-08-04T04:16:15Z",
            "description": "",
            "force_detach_policies": false,
            "id": "stock-predict-ecs-execution-role",
            "inline_policy": [],
            "managed_policy_arns": [],
            "max_session_duration": 3600,
            "name": "stock-predict-ecs-execution-role",
            "name_prefix": "",
            "path": "/",
            "permissions_boundary": "",
            "tags": {
              "Environment": "prod",
              "ManagedBy": "terraform",
              "Project": "stock-predict"
            },
            "tags_all": {
              "Environment": "prod",
              "ManagedBy": "terraform",
              "Project": "stock-predict"
            },
            "unique_id": "AROA4LRVEZX4YO7IWFEWM"
          },
          "sensitive_attributes": [],
          "private": "bnVsbA=="
        }
      ]
    },
    {
      "mode": "managed",
      "type": "aws_iam_role_policy",
      "name": "ecs_execution_role_ecr_policy",
      "provider": "provider[\"registry.terraform.io/hashicorp/aws\"]",
      "instances": [
        {
          "schema_version": 0,
          "attributes": {
            "id": "stock-predict-ecs-execution-role:stock-predict-ecs-execution-ecr-policy",
            "name": "stock-predict-ecs-execution-ecr-policy",
            "name_prefix": "",
            "policy": "{\"Version\":\"2012-10-17\",\"Statement\":[{\"Action\":[\"ecr:GetAuthorizationToken\",\"ecr:BatchCheckLayerAvailability\",\"ecr:GetDownloadUrlForLayer\",\"ecr:BatchGetImage\"],\"Effect\":\"Allow\",\"Resource\":\"*\"}]}",
            "role": "stock-predict-ecs-execution-role"
          },
          "sensitive_attributes": [],
          "private": "bnVsbA==",
          "dependencies": [
            "aws_iam_role.ecs_execution_role"
          ]
        }
      ]
    },
    {
      "mode": "managed",
      "type": "aws_iam_role_policy_attachment",
      "name": "ecs_execution_role_policy",
      "provider": "provider[\"registry.terraform.io/hashicorp/aws\"]",
      "instances": [
        {
          "schema_version": 0,
          "attributes": {
            "id": "stock-predict-ecs-execution-role-20250804041617072000000001",
            "policy_arn": "arn:aws:iam::aws:policy/service-role/AmazonECSTaskExecutionRolePolicy",
            "role": "stock-predict-ecs-execution-role"
          },
          "sensitive_attributes": [],
          "private": "bnVsbA==",
          "dependencies": [
            "aws_iam_role.ecs_execution_role"
          ]
        }
      ]
    },
    {
      "mode": "managed",
      "type": "aws_lb",
      "name": "app",
      "provider": "provider[\"registry.terraform.io/hashicorp/aws\"]",
      "instances": [
        {
          "schema_version": 0,
          "attributes": {
            "access_logs": [
              {
                "bucket": "",
                "enabled": false,
                "prefix": ""
              }
            ],
            "arn": "arn:aws:elasticloadbalancing:ap-northeast-2:849441246713:loadbalancer/app/stock-predict-alb/1cb0a5b73300b7aa",
            "arn_suffix": "app/stock-predict-alb/1cb0a5b73300b7aa",
            "client_keep_alive": 3600,
            "connection_logs": [
              {
                "bucket": "",
                "enabled": false,
                "prefix": ""
              }
            ],
            "customer_owned_ipv4_pool": "",
            "desync_mitigation_mode": "defensive",
            "dns_name": "stock-predict-alb-732025573.ap-northeast-2.elb.amazonaws.com",
            "dns_record_client_routing_policy": null,
            "drop_invalid_header_fields": false,
            "enable_cross_zone_load_balancing": true,
            "enable_deletion_protection": false,
            "enable_http2": true,
            "enable_tls_version_and_cipher_suite_headers": false,
            "enable_waf_fail_open": false,
            "enable_xff_client_port": false,
            "enable_zonal_shift": false,
            "enforce_security_group_inbound_rules_on_private_link_traffic": "",
            "id": "arn:aws:elasticloadbalancing:ap-northeast-2:849441246713:loadbalancer/app/stock-predict-alb/1cb0a5b73300b7aa",
            "idle_timeout": 60,
            "internal": false,
            "ip_address_type": "ipv4",
            "ipam_pools": [],
            "load_balancer_type": "application",
            "minimum_load_balancer_capacity": [],
            "name": "stock-predict-alb",
            "name_prefix": "",
            "preserve_host_header": false,
            "security_groups": [
              "sg-0f45e0b0868c2ea7c"
            ],
            "subnet_mapping": [
              {
                "allocation_id": "",
                "ipv6_address": "",
                "outpost_id": "",
                "private_ipv4_address": "",
                "subnet_id": "subnet-02314d35d476ded10"
              },
              {
                "allocation_id": "",
                "ipv6_address": "",
                "outpost_id": "",
                "private_ipv4_address": "",
                "subnet_id": "subnet-0cd24b3e29f28ed01"
              }
            ],
            "subnets": [
              "subnet-02314d35d476ded10",
              "subnet-0cd24b3e29f28ed01"
            ],
            "tags": {
              "Environment": "prod",
              "ManagedBy": "terraform",
              "Project": "stock-predict"
            },
            "tags_all": {
              "Environment": "prod",
              "ManagedBy": "terraform",
              "Project": "stock-predict"
            },
            "timeouts": null,
            "vpc_id": "vpc-0dd58176a213e3886",
            "xff_header_processing_mode": "append",
            "zone_id": "ZWKZPGTI48KDX"
          },
          "sensitive_attributes": [],
          "private": "eyJlMmJmYjczMC1lY2FhLTExZTYtOGY4OC0zNDM2M2JjN2M0YzAiOnsiY3JlYXRlIjo2MDAwMDAwMDAwMDAsImRlbGV0ZSI6NjAwMDAwMDAwMDAwLCJ1cGRhdGUiOjYwMDAwMDAwMDAwMH19"
        }
      ]
    },
    {
      "mode": "managed",
      "type": "aws_lb_listener",
      "name": "app",
      "provider": "provider[\"registry.terraform.io/hashicorp/aws\"]",
      "instances": [
        {
          "schema_version": 0,
          "attributes": {
            "alpn_policy": null,
            "arn": "arn:aws:elasticloadbalancing:ap-northeast-2:849441246713:listener/app/stock-predict-alb/1cb0a5b73300b7aa/5968be041e98cc81",
            "certificate_arn": null,
            "default_action": [
              {
                "authenticate_cognito": [],
                "authenticate_oidc": [],
                "fixed_response": [],
                "forward": [],
                "order": 1,
                "redirect": [],
                "target_group_arn": "arn:aws:elasticloadbalancing:ap-northeast-2:849441246713:targetgroup/stock-predict-tg/e25fbd05341b7c2c",
                "type": "forward"
              }
            ],
            "id": "arn:aws:elasticloadbalancing:ap-northeast-2:849441246713:listener/app/stock-predict-alb/1cb0a5b73300b7aa/5968be041e98cc81",
            "load_balancer_arn": "arn:aws:elasticloadbalancing:ap-northeast-2:849441246713:loadbalancer/app/stock-predict-alb/1cb0a5b73300b7aa",
            "mutual_authentication": [],
            "port": 80,
            "protocol": "HTTP",
            "routing_http_request_x_amzn_mtls_clientcert_header_name": null,
            "routing_http_request_x_amzn_mtls_clientcert_issuer_header_name": null,
            "routing_http_request_x_amzn_mtls_clientcert_leaf_header_name": null,
            "routing_http_request_x_amzn_mtls_clientcert_serial_number_header_name": null,
            "routing_http_request_x_amzn_mtls_clientcert_subject_header_name": null,
            "routing_http_request_x_amzn_mtls_clientcert_validity_header_name": null,
            "routing_http_request_x_amzn_tls_cipher_suite_header_name": null,
            "routing_http_request_x_amzn_tls_version_header_name": null,
            "routing_http_response_access_control_allow_credentials_header_value": "",
            "routing_http_response_access_control_allow_headers_header_value": "",
            "routing_http_response_access_control_allow_methods_header_value": "",
            "routing_http_response_access_control_allow_origin_header_value": "",
            "routing_http_response_access_control_expose_headers_header_value": "",
            "routing_http_response_access_control_max_age_header_value": "",
            "routing_http_response_content_security_policy_header_value": "",
            "routing_http_response_server_enabled": true,
            "routing_http_response_strict_transport_security_header_value": "",
            "routing_http_response_x_content_type_options_header_value": "",
            "routing_http_response_x_frame_options_header_value": "",
            "ssl_policy": "",
            "tags": {
              "Environment": "prod",
              "ManagedBy": "terraform",
              "Project": "stock-predict"
            },
            "tags_all": {
              "Environment": "prod",
              "ManagedBy": "terraform",
              "Project": "stock-predict"
            },
            "tcp_idle_timeout_seconds": null,
            "timeouts": null
          },
          "sensitive_attributes": [],
          "private": "eyJlMmJmYjczMC1lY2FhLTExZTYtOGY4OC0zNDM2M2JjN2M0YzAiOnsiY3JlYXRlIjozMDAwMDAwMDAwMDAsInVwZGF0ZSI6MzAwMDAwMDAwMDAwfX0=",
          "dependencies": [
            "aws_lb.app",
            "aws_lb_target_group.app"
          ]
        }
      ]
    },
    {
      "mode": "managed",
      "type": "aws_lb_target_group",
      "name": "app",
      "provider": "provider[\"registry.terraform.io/hashicorp/aws\"]",
      "instances": [
        {
          "schema_version": 0,
          "attributes": {
            "arn": "arn:aws:elasticloadbalancing:ap-northeast-2:849441246713:targetgroup/stock-predict-tg/e25fbd05341b7c2c",
            "arn_suffix": "targetgroup/stock-predict-tg/e25fbd05341b7c2c",
            "connection_termination": null,
            "deregistration_delay": "300",
            "health_check": [
              {
                "enabled": true,
                "healthy_threshold": 2,
                "interval": 30,
                "matcher": "200",
                "path": "/",
                "port": "traffic-port",
                "protocol": "HTTP",
                "timeout": 5,
                "unhealthy_threshold": 2
              }
            ],
            "id": "arn:aws:elasticloadbalancing:ap-northeast-2:849441246713:targetgroup/stock-predict-tg/e25fbd05341b7c2c",
            "ip_address_type": "ipv4",
            "lambda_multi_value_headers_enabled": false,
            "load_balancer_arns": [],
            "load_balancing_algorithm_type": "round_robin",
            "load_balancing_anomaly_mitigation": "off",
            "load_balancing_cross_zone_enabled": "use_load_balancer_configuration",
            "name": "stock-predict-tg",
            "name_prefix": "",
            "port": 3000,
            "preserve_client_ip": null,
            "protocol": "HTTP",
            "protocol_version": "HTTP1",
            "proxy_protocol_v2": false,
            "slow_start": 0,
            "stickiness": [
              {
                "cookie_duration": 86400,
                "cookie_name": "",
                "enabled": false,
                "type": "lb_cookie"
              }
            ],
            "tags": {
              "Environment": "prod",
              "ManagedBy": "terraform",
              "Project": "stock-predict"
            },
            "tags_all": {
              "Environment": "prod",
              "ManagedBy": "terraform",
              "Project": "stock-predict"
            },
            "target_failover": [
              {
                "on_deregistration": null,
                "on_unhealthy": null
              }
            ],
            "target_group_health": [
              {
                "dns_failover": [
                  {
                    "minimum_healthy_targets_count": "1",
                    "minimum_healthy_targets_percentage": "off"
                  }
                ],
                "unhealthy_state_routing": [
                  {
                    "minimum_healthy_targets_count": 1,
                    "minimum_healthy_targets_percentage": "off"
                  }
                ]
              }
            ],
            "target_health_state": [
              {
                "enable_unhealthy_connection_termination": null,
                "unhealthy_draining_interval": null
              }
            ],
            "target_type": "ip",
            "vpc_id": "vpc-0dd58176a213e3886"
          },
          "sensitive_attributes": [],
          "private": "bnVsbA=="
        }
      ]
    }
  ],
  "check_results": null
}
